
Microsoft Visual Studio Solution File, Format Version 12.00
# Visual Studio Version 16
VisualStudioVersion = 16.0.30114.105
MinimumVisualStudioVersion = 10.0.40219.1
Project("{2150E333-8FDC-42A3-9474-1A3956D46DE8}") = "src", "src", "{69936FE7-4AA7-463D-9DBA-FA1AF3FF46CA}"
EndProject
Project("{FAE04EC0-301F-11D3-BF4B-00C04F79EFBC}") = "Nisshi", "src\Nisshi\Nisshi.csproj", "{F7D966E0-CCFB-416B-BB93-A79F1578A1B2}"
EndProject
Project("{2150E333-8FDC-42A3-9474-1A3956D46DE8}") = "tests", "tests", "{B42BCE2D-5460-4C25-BA0A-091888CC80DF}"
EndProject
Project("{FAE04EC0-301F-11D3-BF4B-00C04F79EFBC}") = "Nisshi.IntegrationTests", "tests\Nisshi.IntegrationTests\Nisshi.IntegrationTests.csproj", "{F3551BC6-A129-400A-827A-84E7F721EAA9}"
EndProject
Project("{FAE04EC0-301F-11D3-BF4B-00C04F79EFBD}") = "Nisshi.UnitTests", "tests\Nisshi.UnitTests\Nisshi.UnitTests.csproj", "{F3551BC6-A129-400A-827A-84E7F721EAA0}"
EndProject
Project("{FAE04EC0-301F-11D3-BF4B-00C04F79EFBC}") = "build", "build\build.csproj", "{FB755C62-4D2E-4856-892A-611153B705E8}"
EndProject
Global
	GlobalSection(SolutionConfigurationPlatforms) = preSolution
		Debug|Any CPU = Debug|Any CPU
		Debug|x64 = Debug|x64
		Debug|x86 = Debug|x86
		Release|Any CPU = Release|Any CPU
		Release|x64 = Release|x64
		Release|x86 = Release|x86
	EndGlobalSection
	GlobalSection(SolutionProperties) = preSolution
		HideSolutionNode = FALSE
	EndGlobalSection
	GlobalSection(ProjectConfigurationPlatforms) = postSolution
		{F7D966E0-CCFB-416B-BB93-A79F1578A1B2}.Debug|Any CPU.ActiveCfg = Debug|Any CPU
		{F7D966E0-CCFB-416B-BB93-A79F1578A1B2}.Debug|Any CPU.Build.0 = Debug|Any CPU
		{F7D966E0-CCFB-416B-BB93-A79F1578A1B2}.Debug|x64.ActiveCfg = Debug|Any CPU
		{F7D966E0-CCFB-416B-BB93-A79F1578A1B2}.Debug|x64.Build.0 = Debug|Any CPU
		{F7D966E0-CCFB-416B-BB93-A79F1578A1B2}.Debug|x86.ActiveCfg = Debug|Any CPU
		{F7D966E0-CCFB-416B-BB93-A79F1578A1B2}.Debug|x86.Build.0 = Debug|Any CPU
		{F7D966E0-CCFB-416B-BB93-A79F1578A1B2}.Release|Any CPU.ActiveCfg = Release|Any CPU
		{F7D966E0-CCFB-416B-BB93-A79F1578A1B2}.Release|Any CPU.Build.0 = Release|Any CPU
		{F7D966E0-CCFB-416B-BB93-A79F1578A1B2}.Release|x64.ActiveCfg = Release|Any CPU
		{F7D966E0-CCFB-416B-BB93-A79F1578A1B2}.Release|x64.Build.0 = Release|Any CPU
		{F7D966E0-CCFB-416B-BB93-A79F1578A1B2}.Release|x86.ActiveCfg = Release|Any CPU
		{F7D966E0-CCFB-416B-BB93-A79F1578A1B2}.Release|x86.Build.0 = Release|Any CPU
		{F3551BC6-A129-400A-827A-84E7F721EAA9}.Debug|Any CPU.ActiveCfg = Debug|Any CPU
		{F3551BC6-A129-400A-827A-84E7F721EAA9}.Debug|Any CPU.Build.0 = Debug|Any CPU
		{F3551BC6-A129-400A-827A-84E7F721EAA9}.Debug|x64.ActiveCfg = Debug|Any CPU
		{F3551BC6-A129-400A-827A-84E7F721EAA9}.Debug|x64.Build.0 = Debug|Any CPU
		{F3551BC6-A129-400A-827A-84E7F721EAA9}.Debug|x86.ActiveCfg = Debug|Any CPU
		{F3551BC6-A129-400A-827A-84E7F721EAA9}.Debug|x86.Build.0 = Debug|Any CPU
		{F3551BC6-A129-400A-827A-84E7F721EAA9}.Release|Any CPU.ActiveCfg = Release|Any CPU
		{F3551BC6-A129-400A-827A-84E7F721EAA9}.Release|Any CPU.Build.0 = Release|Any CPU
		{F3551BC6-A129-400A-827A-84E7F721EAA9}.Release|x64.ActiveCfg = Release|Any CPU
		{F3551BC6-A129-400A-827A-84E7F721EAA9}.Release|x64.Build.0 = Release|Any CPU
		{F3551BC6-A129-400A-827A-84E7F721EAA9}.Release|x86.ActiveCfg = Release|Any CPU
		{F3551BC6-A129-400A-827A-84E7F721EAA9}.Release|x86.Build.0 = Release|Any CPU
		{FB755C62-4D2E-4856-892A-611153B705E8}.Debug|Any CPU.ActiveCfg = Debug|Any CPU
		{FB755C62-4D2E-4856-892A-611153B705E8}.Debug|Any CPU.Build.0 = Debug|Any CPU
		{FB755C62-4D2E-4856-892A-611153B705E8}.Debug|x64.ActiveCfg = Debug|Any CPU
		{FB755C62-4D2E-4856-892A-611153B705E8}.Debug|x64.Build.0 = Debug|Any CPU
		{FB755C62-4D2E-4856-892A-611153B705E8}.Debug|x86.ActiveCfg = Debug|Any CPU
		{FB755C62-4D2E-4856-892A-611153B705E8}.Debug|x86.Build.0 = Debug|Any CPU
		{FB755C62-4D2E-4856-892A-611153B705E8}.Release|Any CPU.ActiveCfg = Release|Any CPU
		{FB755C62-4D2E-4856-892A-611153B705E8}.Release|Any CPU.Build.0 = Release|Any CPU
		{FB755C62-4D2E-4856-892A-611153B705E8}.Release|x64.ActiveCfg = Release|Any CPU
		{FB755C62-4D2E-4856-892A-611153B705E8}.Release|x64.Build.0 = Release|Any CPU
		{FB755C62-4D2E-4856-892A-611153B705E8}.Release|x86.ActiveCfg = Release|Any CPU
		{FB755C62-4D2E-4856-892A-611153B705E8}.Release|x86.Build.0 = Release|Any CPU
	EndGlobalSection
	GlobalSection(NestedProjects) = preSolution
		{F7D966E0-CCFB-416B-BB93-A79F1578A1B2} = {69936FE7-4AA7-463D-9DBA-FA1AF3FF46CA}
		{F3551BC6-A129-400A-827A-84E7F721EAA9} = {B42BCE2D-5460-4C25-BA0A-091888CC80DF}
	EndGlobalSection
EndGlobal
